// !$*UTF8*$!
{
	archiveVersion = 1;
	classes = {
	};
	objectVersion = 48;
	objects = {

/* Begin PBXBuildFile section */
		5615CFE0204554BB00BC0FFC /* CustomView.swift in Sources */ = {isa = PBXBuildFile; fileRef = 5615CFDF204554BB00BC0FFC /* CustomView.swift */; };
		5643285A204CD4D40049694C /* WebVC.swift in Sources */ = {isa = PBXBuildFile; fileRef = 56432859204CD4D40049694C /* WebVC.swift */; };
		56468F91204A51F30040843F /* WordsTableVC.swift in Sources */ = {isa = PBXBuildFile; fileRef = 56468F90204A51F30040843F /* WordsTableVC.swift */; };
		5685435F2046B5A200257F6A /* Recorder.swift in Sources */ = {isa = PBXBuildFile; fileRef = 5685435E2046B5A200257F6A /* Recorder.swift */; };
		56DEFF292045660300038A53 /* AddWords.storyboard in Resources */ = {isa = PBXBuildFile; fileRef = 56DEFF282045660300038A53 /* AddWords.storyboard */; };
		56DEFF2B2045689F00038A53 /* AddWordsVC.swift in Sources */ = {isa = PBXBuildFile; fileRef = 56DEFF2A2045689F00038A53 /* AddWordsVC.swift */; };
		56DEFF2D204568C900038A53 /* PageVC.swift in Sources */ = {isa = PBXBuildFile; fileRef = 56DEFF2C204568C900038A53 /* PageVC.swift */; };
		56DEFF2F204568E600038A53 /* PageDataSource.swift in Sources */ = {isa = PBXBuildFile; fileRef = 56DEFF2E204568E600038A53 /* PageDataSource.swift */; };
		56E49620204D286F00A54284 /* AddView.swift in Sources */ = {isa = PBXBuildFile; fileRef = 56E4961F204D286F00A54284 /* AddView.swift */; };
		98731C912043A78100AB02B4 /* AppDelegate.swift in Sources */ = {isa = PBXBuildFile; fileRef = 98731C902043A78100AB02B4 /* AppDelegate.swift */; };
		98731C932043A78100AB02B4 /* ViewController.swift in Sources */ = {isa = PBXBuildFile; fileRef = 98731C922043A78100AB02B4 /* ViewController.swift */; };
		98731C962043A78100AB02B4 /* Main.storyboard in Resources */ = {isa = PBXBuildFile; fileRef = 98731C942043A78100AB02B4 /* Main.storyboard */; };
		98731C992043A78100AB02B4 /* LearningEnglish.xcdatamodeld in Sources */ = {isa = PBXBuildFile; fileRef = 98731C972043A78100AB02B4 /* LearningEnglish.xcdatamodeld */; };
		98731C9B2043A78100AB02B4 /* Assets.xcassets in Resources */ = {isa = PBXBuildFile; fileRef = 98731C9A2043A78100AB02B4 /* Assets.xcassets */; };
		98731C9E2043A78100AB02B4 /* LaunchScreen.storyboard in Resources */ = {isa = PBXBuildFile; fileRef = 98731C9C2043A78100AB02B4 /* LaunchScreen.storyboard */; };
/* End PBXBuildFile section */

/* Begin PBXFileReference section */
		5615CFDF204554BB00BC0FFC /* CustomView.swift */ = {isa = PBXFileReference; lastKnownFileType = sourcecode.swift; path = CustomView.swift; sourceTree = "<group>"; };
		56432859204CD4D40049694C /* WebVC.swift */ = {isa = PBXFileReference; lastKnownFileType = sourcecode.swift; path = WebVC.swift; sourceTree = "<group>"; };
		56468F90204A51F30040843F /* WordsTableVC.swift */ = {isa = PBXFileReference; lastKnownFileType = sourcecode.swift; path = WordsTableVC.swift; sourceTree = "<group>"; };
		5685435E2046B5A200257F6A /* Recorder.swift */ = {isa = PBXFileReference; lastKnownFileType = sourcecode.swift; path = Recorder.swift; sourceTree = "<group>"; };
		56DEFF282045660300038A53 /* AddWords.storyboard */ = {isa = PBXFileReference; fileEncoding = 4; lastKnownFileType = file.storyboard; path = AddWords.storyboard; sourceTree = "<group>"; };
		56DEFF2A2045689F00038A53 /* AddWordsVC.swift */ = {isa = PBXFileReference; lastKnownFileType = sourcecode.swift; path = AddWordsVC.swift; sourceTree = "<group>"; };
		56DEFF2C204568C900038A53 /* PageVC.swift */ = {isa = PBXFileReference; lastKnownFileType = sourcecode.swift; path = PageVC.swift; sourceTree = "<group>"; };
		56DEFF2E204568E600038A53 /* PageDataSource.swift */ = {isa = PBXFileReference; lastKnownFileType = sourcecode.swift; path = PageDataSource.swift; sourceTree = "<group>"; };
		56E4961F204D286F00A54284 /* AddView.swift */ = {isa = PBXFileReference; lastKnownFileType = sourcecode.swift; path = AddView.swift; sourceTree = "<group>"; };
		98731C8D2043A78100AB02B4 /* LearningEnglish.app */ = {isa = PBXFileReference; explicitFileType = wrapper.application; includeInIndex = 0; path = LearningEnglish.app; sourceTree = BUILT_PRODUCTS_DIR; };
		98731C902043A78100AB02B4 /* AppDelegate.swift */ = {isa = PBXFileReference; lastKnownFileType = sourcecode.swift; path = AppDelegate.swift; sourceTree = "<group>"; };
		98731C922043A78100AB02B4 /* ViewController.swift */ = {isa = PBXFileReference; lastKnownFileType = sourcecode.swift; path = ViewController.swift; sourceTree = "<group>"; };
		98731C952043A78100AB02B4 /* Base */ = {isa = PBXFileReference; lastKnownFileType = file.storyboard; name = Base; path = Base.lproj/Main.storyboard; sourceTree = "<group>"; };
		98731C982043A78100AB02B4 /* LearningEnglish.xcdatamodel */ = {isa = PBXFileReference; lastKnownFileType = wrapper.xcdatamodel; path = LearningEnglish.xcdatamodel; sourceTree = "<group>"; };
		98731C9A2043A78100AB02B4 /* Assets.xcassets */ = {isa = PBXFileReference; lastKnownFileType = folder.assetcatalog; path = Assets.xcassets; sourceTree = "<group>"; };
		98731C9D2043A78100AB02B4 /* Base */ = {isa = PBXFileReference; lastKnownFileType = file.storyboard; name = Base; path = Base.lproj/LaunchScreen.storyboard; sourceTree = "<group>"; };
		98731C9F2043A78100AB02B4 /* Info.plist */ = {isa = PBXFileReference; lastKnownFileType = text.plist.xml; path = Info.plist; sourceTree = "<group>"; };
/* End PBXFileReference section */

/* Begin PBXFrameworksBuildPhase section */
		98731C8A2043A78100AB02B4 /* Frameworks */ = {
			isa = PBXFrameworksBuildPhase;
			buildActionMask = 2147483647;
			files = (
			);
			runOnlyForDeploymentPostprocessing = 0;
		};
/* End PBXFrameworksBuildPhase section */

/* Begin PBXGroup section */
		5685435D2046AB5400257F6A /* Words */ = {
			isa = PBXGroup;
			children = (
				56468F90204A51F30040843F /* WordsTableVC.swift */,
				56E4961F204D286F00A54284 /* AddView.swift */,
				5685435E2046B5A200257F6A /* Recorder.swift */,
				56432859204CD4D40049694C /* WebVC.swift */,
			);
			path = Words;
			sourceTree = "<group>";
		};
		56DEFF34204569C400038A53 /* AddWords */ = {
			isa = PBXGroup;
			children = (
				56DEFF2A2045689F00038A53 /* AddWordsVC.swift */,
				56DEFF2C204568C900038A53 /* PageVC.swift */,
				56DEFF2E204568E600038A53 /* PageDataSource.swift */,
				5685435D2046AB5400257F6A /* Words */,
			);
			path = AddWords;
			sourceTree = "<group>";
		};
		98731C842043A78100AB02B4 = {
			isa = PBXGroup;
			children = (
				98731C8F2043A78100AB02B4 /* LearningEnglish */,
				98731C8E2043A78100AB02B4 /* Products */,
			);
			sourceTree = "<group>";
		};
		98731C8E2043A78100AB02B4 /* Products */ = {
			isa = PBXGroup;
			children = (
				98731C8D2043A78100AB02B4 /* LearningEnglish.app */,
			);
			name = Products;
			sourceTree = "<group>";
		};
		98731C8F2043A78100AB02B4 /* LearningEnglish */ = {
			isa = PBXGroup;
			children = (
				98731C902043A78100AB02B4 /* AppDelegate.swift */,
				98731C922043A78100AB02B4 /* ViewController.swift */,
				5615CFDF204554BB00BC0FFC /* CustomView.swift */,
				56DEFF34204569C400038A53 /* AddWords */,
				98731C942043A78100AB02B4 /* Main.storyboard */,
				56DEFF282045660300038A53 /* AddWords.storyboard */,
				98731C9A2043A78100AB02B4 /* Assets.xcassets */,
				98731C9C2043A78100AB02B4 /* LaunchScreen.storyboard */,
				98731C9F2043A78100AB02B4 /* Info.plist */,
				98731C972043A78100AB02B4 /* LearningEnglish.xcdatamodeld */,
			);
			path = LearningEnglish;
			sourceTree = "<group>";
		};
/* End PBXGroup section */

/* Begin PBXNativeTarget section */
		98731C8C2043A78100AB02B4 /* LearningEnglish */ = {
			isa = PBXNativeTarget;
			buildConfigurationList = 98731CA22043A78100AB02B4 /* Build configuration list for PBXNativeTarget "LearningEnglish" */;
			buildPhases = (
				98731C892043A78100AB02B4 /* Sources */,
				98731C8A2043A78100AB02B4 /* Frameworks */,
				98731C8B2043A78100AB02B4 /* Resources */,
			);
			buildRules = (
			);
			dependencies = (
			);
			name = LearningEnglish;
			productName = LearningEnglish;
			productReference = 98731C8D2043A78100AB02B4 /* LearningEnglish.app */;
			productType = "com.apple.product-type.application";
		};
/* End PBXNativeTarget section */

/* Begin PBXProject section */
		98731C852043A78100AB02B4 /* Project object */ = {
			isa = PBXProject;
			attributes = {
				LastSwiftUpdateCheck = 0920;
				LastUpgradeCheck = 0920;
				ORGANIZATIONNAME = BigZero;
				TargetAttributes = {
					98731C8C2043A78100AB02B4 = {
						CreatedOnToolsVersion = 9.2;
						ProvisioningStyle = Automatic;
					};
				};
			};
			buildConfigurationList = 98731C882043A78100AB02B4 /* Build configuration list for PBXProject "LearningEnglish" */;
			compatibilityVersion = "Xcode 8.0";
			developmentRegion = en;
			hasScannedForEncodings = 0;
			knownRegions = (
				en,
				Base,
			);
			mainGroup = 98731C842043A78100AB02B4;
			productRefGroup = 98731C8E2043A78100AB02B4 /* Products */;
			projectDirPath = "";
			projectRoot = "";
			targets = (
				98731C8C2043A78100AB02B4 /* LearningEnglish */,
			);
		};
/* End PBXProject section */

/* Begin PBXResourcesBuildPhase section */
		98731C8B2043A78100AB02B4 /* Resources */ = {
			isa = PBXResourcesBuildPhase;
			buildActionMask = 2147483647;
			files = (
				56DEFF292045660300038A53 /* AddWords.storyboard in Resources */,
				98731C9E2043A78100AB02B4 /* LaunchScreen.storyboard in Resources */,
				98731C9B2043A78100AB02B4 /* Assets.xcassets in Resources */,
				98731C962043A78100AB02B4 /* Main.storyboard in Resources */,
			);
			runOnlyForDeploymentPostprocessing = 0;
		};
/* End PBXResourcesBuildPhase section */

/* Begin PBXSourcesBuildPhase section */
		98731C892043A78100AB02B4 /* Sources */ = {
			isa = PBXSourcesBuildPhase;
			buildActionMask = 2147483647;
			files = (
				98731C932043A78100AB02B4 /* ViewController.swift in Sources */,
				56DEFF2D204568C900038A53 /* PageVC.swift in Sources */,
				5685435F2046B5A200257F6A /* Recorder.swift in Sources */,
				56DEFF2B2045689F00038A53 /* AddWordsVC.swift in Sources */,
				56DEFF2F204568E600038A53 /* PageDataSource.swift in Sources */,
				5615CFE0204554BB00BC0FFC /* CustomView.swift in Sources */,
				56E49620204D286F00A54284 /* AddView.swift in Sources */,
				56468F91204A51F30040843F /* WordsTableVC.swift in Sources */,
				98731C912043A78100AB02B4 /* AppDelegate.swift in Sources */,
				98731C992043A78100AB02B4 /* LearningEnglish.xcdatamodeld in Sources */,
				5643285A204CD4D40049694C /* WebVC.swift in Sources */,
			);
			runOnlyForDeploymentPostprocessing = 0;
		};
/* End PBXSourcesBuildPhase section */

/* Begin PBXVariantGroup section */
		98731C942043A78100AB02B4 /* Main.storyboard */ = {
			isa = PBXVariantGroup;
			children = (
				98731C952043A78100AB02B4 /* Base */,
			);
			name = Main.storyboard;
			sourceTree = "<group>";
		};
		98731C9C2043A78100AB02B4 /* LaunchScreen.storyboard */ = {
			isa = PBXVariantGroup;
			children = (
				98731C9D2043A78100AB02B4 /* Base */,
			);
			name = LaunchScreen.storyboard;
			sourceTree = "<group>";
		};
/* End PBXVariantGroup section */

/* Begin XCBuildConfiguration section */
		98731CA02043A78100AB02B4 /* Debug */ = {
			isa = XCBuildConfiguration;
			buildSettings = {
				ALWAYS_SEARCH_USER_PATHS = NO;
				CLANG_ANALYZER_NONNULL = YES;
				CLANG_ANALYZER_NUMBER_OBJECT_CONVERSION = YES_AGGRESSIVE;
				CLANG_CXX_LANGUAGE_STANDARD = "gnu++14";
				CLANG_CXX_LIBRARY = "libc++";
				CLANG_ENABLE_MODULES = YES;
				CLANG_ENABLE_OBJC_ARC = YES;
				CLANG_WARN_BLOCK_CAPTURE_AUTORELEASING = YES;
				CLANG_WARN_BOOL_CONVERSION = YES;
				CLANG_WARN_COMMA = YES;
				CLANG_WARN_CONSTANT_CONVERSION = YES;
				CLANG_WARN_DIRECT_OBJC_ISA_USAGE = YES_ERROR;
				CLANG_WARN_DOCUMENTATION_COMMENTS = YES;
				CLANG_WARN_EMPTY_BODY = YES;
				CLANG_WARN_ENUM_CONVERSION = YES;
				CLANG_WARN_INFINITE_RECURSION = YES;
				CLANG_WARN_INT_CONVERSION = YES;
				CLANG_WARN_NON_LITERAL_NULL_CONVERSION = YES;
				CLANG_WARN_OBJC_LITERAL_CONVERSION = YES;
				CLANG_WARN_OBJC_ROOT_CLASS = YES_ERROR;
				CLANG_WARN_RANGE_LOOP_ANALYSIS = YES;
				CLANG_WARN_STRICT_PROTOTYPES = YES;
				CLANG_WARN_SUSPICIOUS_MOVE = YES;
				CLANG_WARN_UNGUARDED_AVAILABILITY = YES_AGGRESSIVE;
				CLANG_WARN_UNREACHABLE_CODE = YES;
				CLANG_WARN__DUPLICATE_METHOD_MATCH = YES;
				CODE_SIGN_IDENTITY = "iPhone Developer";
				COPY_PHASE_STRIP = NO;
				DEBUG_INFORMATION_FORMAT = dwarf;
				ENABLE_STRICT_OBJC_MSGSEND = YES;
				ENABLE_TESTABILITY = YES;
				GCC_C_LANGUAGE_STANDARD = gnu11;
				GCC_DYNAMIC_NO_PIC = NO;
				GCC_NO_COMMON_BLOCKS = YES;
				GCC_OPTIMIZATION_LEVEL = 0;
				GCC_PREPROCESSOR_DEFINITIONS = (
					"DEBUG=1",
					"$(inherited)",
				);
				GCC_WARN_64_TO_32_BIT_CONVERSION = YES;
				GCC_WARN_ABOUT_RETURN_TYPE = YES_ERROR;
				GCC_WARN_UNDECLARED_SELECTOR = YES;
				GCC_WARN_UNINITIALIZED_AUTOS = YES_AGGRESSIVE;
				GCC_WARN_UNUSED_FUNCTION = YES;
				GCC_WARN_UNUSED_VARIABLE = YES;
				IPHONEOS_DEPLOYMENT_TARGET = 11.2;
				MTL_ENABLE_DEBUG_INFO = YES;
				ONLY_ACTIVE_ARCH = YES;
				SDKROOT = iphoneos;
				SWIFT_ACTIVE_COMPILATION_CONDITIONS = DEBUG;
				SWIFT_OPTIMIZATION_LEVEL = "-Onone";
			};
			name = Debug;
		};
		98731CA12043A78100AB02B4 /* Release */ = {
			isa = XCBuildConfiguration;
			buildSettings = {
				ALWAYS_SEARCH_USER_PATHS = NO;
				CLANG_ANALYZER_NONNULL = YES;
				CLANG_ANALYZER_NUMBER_OBJECT_CONVERSION = YES_AGGRESSIVE;
				CLANG_CXX_LANGUAGE_STANDARD = "gnu++14";
				CLANG_CXX_LIBRARY = "libc++";
				CLANG_ENABLE_MODULES = YES;
				CLANG_ENABLE_OBJC_ARC = YES;
				CLANG_WARN_BLOCK_CAPTURE_AUTORELEASING = YES;
				CLANG_WARN_BOOL_CONVERSION = YES;
				CLANG_WARN_COMMA = YES;
				CLANG_WARN_CONSTANT_CONVERSION = YES;
				CLANG_WARN_DIRECT_OBJC_ISA_USAGE = YES_ERROR;
				CLANG_WARN_DOCUMENTATION_COMMENTS = YES;
				CLANG_WARN_EMPTY_BODY = YES;
				CLANG_WARN_ENUM_CONVERSION = YES;
				CLANG_WARN_INFINITE_RECURSION = YES;
				CLANG_WARN_INT_CONVERSION = YES;
				CLANG_WARN_NON_LITERAL_NULL_CONVERSION = YES;
				CLANG_WARN_OBJC_LITERAL_CONVERSION = YES;
				CLANG_WARN_OBJC_ROOT_CLASS = YES_ERROR;
				CLANG_WARN_RANGE_LOOP_ANALYSIS = YES;
				CLANG_WARN_STRICT_PROTOTYPES = YES;
				CLANG_WARN_SUSPICIOUS_MOVE = YES;
				CLANG_WARN_UNGUARDED_AVAILABILITY = YES_AGGRESSIVE;
				CLANG_WARN_UNREACHABLE_CODE = YES;
				CLANG_WARN__DUPLICATE_METHOD_MATCH = YES;
				CODE_SIGN_IDENTITY = "iPhone Developer";
				COPY_PHASE_STRIP = NO;
				DEBUG_INFORMATION_FORMAT = "dwarf-with-dsym";
				ENABLE_NS_ASSERTIONS = NO;
				ENABLE_STRICT_OBJC_MSGSEND = YES;
				GCC_C_LANGUAGE_STANDARD = gnu11;
				GCC_NO_COMMON_BLOCKS = YES;
				GCC_WARN_64_TO_32_BIT_CONVERSION = YES;
				GCC_WARN_ABOUT_RETURN_TYPE = YES_ERROR;
				GCC_WARN_UNDECLARED_SELECTOR = YES;
				GCC_WARN_UNINITIALIZED_AUTOS = YES_AGGRESSIVE;
				GCC_WARN_UNUSED_FUNCTION = YES;
				GCC_WARN_UNUSED_VARIABLE = YES;
				IPHONEOS_DEPLOYMENT_TARGET = 11.2;
				MTL_ENABLE_DEBUG_INFO = NO;
				SDKROOT = iphoneos;
				SWIFT_OPTIMIZATION_LEVEL = "-Owholemodule";
				VALIDATE_PRODUCT = YES;
			};
			name = Release;
		};
		98731CA32043A78100AB02B4 /* Debug */ = {
			isa = XCBuildConfiguration;
			buildSettings = {
				ASSETCATALOG_COMPILER_APPICON_NAME = AppIcon;
				"CODE_SIGN_IDENTITY[sdk=iphoneos*]" = "iPhone Developer";
				CODE_SIGN_STYLE = Automatic;
				DEVELOPMENT_TEAM = 56AJJ634ZU;
				INFOPLIST_FILE = LearningEnglish/Info.plist;
				IPHONEOS_DEPLOYMENT_TARGET = 11.0;
				LD_RUNPATH_SEARCH_PATHS = "$(inherited) @executable_path/Frameworks";
				PRODUCT_BUNDLE_IDENTIFIER = big0.LearningEnglish;
				PRODUCT_NAME = "$(TARGET_NAME)";
				PROVISIONING_PROFILE_SPECIFIER = "";
				SWIFT_VERSION = 4.0;
				TARGETED_DEVICE_FAMILY = "1,2";
			};
			name = Debug;
		};
		98731CA42043A78100AB02B4 /* Release */ = {
			isa = XCBuildConfiguration;
			buildSettings = {
				ASSETCATALOG_COMPILER_APPICON_NAME = AppIcon;
				"CODE_SIGN_IDENTITY[sdk=iphoneos*]" = "iPhone Developer";
				CODE_SIGN_STYLE = Automatic;
				DEVELOPMENT_TEAM = 56AJJ634ZU;
				INFOPLIST_FILE = LearningEnglish/Info.plist;
				IPHONEOS_DEPLOYMENT_TARGET = 11.0;
				LD_RUNPATH_SEARCH_PATHS = "$(inherited) @executable_path/Frameworks";
				PRODUCT_BUNDLE_IDENTIFIER = big0.LearningEnglish;
				PRODUCT_NAME = "$(TARGET_NAME)";
				PROVISIONING_PROFILE_SPECIFIER = "";
				SWIFT_VERSION = 4.0;
				TARGETED_DEVICE_FAMILY = "1,2";
			};
			name = Release;
		};
/* End XCBuildConfiguration section */

/* Begin XCConfigurationList section */
		98731C882043A78100AB02B4 /* Build configuration list for PBXProject "LearningEnglish" */ = {
			isa = XCConfigurationList;
			buildConfigurations = (
				98731CA02043A78100AB02B4 /* Debug */,
				98731CA12043A78100AB02B4 /* Release */,
			);
			defaultConfigurationIsVisible = 0;
			defaultConfigurationName = Release;
		};
		98731CA22043A78100AB02B4 /* Build configuration list for PBXNativeTarget "LearningEnglish" */ = {
			isa = XCConfigurationList;
			buildConfigurations = (
				98731CA32043A78100AB02B4 /* Debug */,
				98731CA42043A78100AB02B4 /* Release */,
			);
			defaultConfigurationIsVisible = 0;
			defaultConfigurationName = Release;
		};
/* End XCConfigurationList section */

/* Begin XCVersionGroup section */
		98731C972043A78100AB02B4 /* LearningEnglish.xcdatamodeld */ = {
			isa = XCVersionGroup;
			children = (
				98731C982043A78100AB02B4 /* LearningEnglish.xcdatamodel */,
			);
			currentVersion = 98731C982043A78100AB02B4 /* LearningEnglish.xcdatamodel */;
			path = LearningEnglish.xcdatamodeld;
			sourceTree = "<group>";
			versionGroupType = wrapper.xcdatamodel;
		};
/* End XCVersionGroup section */
	};
	rootObject = 98731C852043A78100AB02B4 /* Project object */;
}
